// !$*UTF8*$!
{
	archiveVersion = 1;
	classes = {
	};
	objectVersion = 48;
	objects = {

/* Begin PBXBuildFile section */
		59A8957C2015A9B200416B96 /* AppDelegate.swift in Sources */ = {isa = PBXBuildFile; fileRef = 59A8957B2015A9B200416B96 /* AppDelegate.swift */; };
		59A8957E2015A9B200416B96 /* ViewController.swift in Sources */ = {isa = PBXBuildFile; fileRef = 59A8957D2015A9B200416B96 /* ViewController.swift */; };
		59A895812015A9B200416B96 /* Main.storyboard in Resources */ = {isa = PBXBuildFile; fileRef = 59A8957F2015A9B200416B96 /* Main.storyboard */; };
		59A895842015A9B200416B96 /* Buy_Sell_Ticket.xcdatamodeld in Sources */ = {isa = PBXBuildFile; fileRef = 59A895822015A9B200416B96 /* Buy_Sell_Ticket.xcdatamodeld */; };
		59A895862015A9B200416B96 /* Assets.xcassets in Resources */ = {isa = PBXBuildFile; fileRef = 59A895852015A9B200416B96 /* Assets.xcassets */; };
		59A895892015A9B200416B96 /* LaunchScreen.storyboard in Resources */ = {isa = PBXBuildFile; fileRef = 59A895872015A9B200416B96 /* LaunchScreen.storyboard */; };
		59A895942015A9B200416B96 /* Buy_Sell_TicketTests.swift in Sources */ = {isa = PBXBuildFile; fileRef = 59A895932015A9B200416B96 /* Buy_Sell_TicketTests.swift */; };
/* End PBXBuildFile section */

/* Begin PBXContainerItemProxy section */
		59A895902015A9B200416B96 /* PBXContainerItemProxy */ = {
			isa = PBXContainerItemProxy;
			containerPortal = 59A895702015A9B100416B96 /* Project object */;
			proxyType = 1;
			remoteGlobalIDString = 59A895772015A9B200416B96;
			remoteInfo = Buy_Sell_Ticket;
		};
/* End PBXContainerItemProxy section */

/* Begin PBXFileReference section */
		59A895782015A9B200416B96 /* Buy_Sell_Ticket.app */ = {isa = PBXFileReference; explicitFileType = wrapper.application; includeInIndex = 0; path = Buy_Sell_Ticket.app; sourceTree = BUILT_PRODUCTS_DIR; };
		59A8957B2015A9B200416B96 /* AppDelegate.swift */ = {isa = PBXFileReference; lastKnownFileType = sourcecode.swift; path = AppDelegate.swift; sourceTree = "<group>"; };
		59A8957D2015A9B200416B96 /* ViewController.swift */ = {isa = PBXFileReference; lastKnownFileType = sourcecode.swift; path = ViewController.swift; sourceTree = "<group>"; };
		59A895802015A9B200416B96 /* Base */ = {isa = PBXFileReference; lastKnownFileType = file.storyboard; name = Base; path = Base.lproj/Main.storyboard; sourceTree = "<group>"; };
		59A895832015A9B200416B96 /* Buy_Sell_Ticket.xcdatamodel */ = {isa = PBXFileReference; lastKnownFileType = wrapper.xcdatamodel; path = Buy_Sell_Ticket.xcdatamodel; sourceTree = "<group>"; };
		59A895852015A9B200416B96 /* Assets.xcassets */ = {isa = PBXFileReference; lastKnownFileType = folder.assetcatalog; path = Assets.xcassets; sourceTree = "<group>"; };
		59A895882015A9B200416B96 /* Base */ = {isa = PBXFileReference; lastKnownFileType = file.storyboard; name = Base; path = Base.lproj/LaunchScreen.storyboard; sourceTree = "<group>"; };
		59A8958A2015A9B200416B96 /* Info.plist */ = {isa = PBXFileReference; lastKnownFileType = text.plist.xml; path = Info.plist; sourceTree = "<group>"; };
		59A8958F2015A9B200416B96 /* Buy_Sell_TicketTests.xctest */ = {isa = PBXFileReference; explicitFileType = wrapper.cfbundle; includeInIndex = 0; path = Buy_Sell_TicketTests.xctest; sourceTree = BUILT_PRODUCTS_DIR; };
		59A895932015A9B200416B96 /* Buy_Sell_TicketTests.swift */ = {isa = PBXFileReference; lastKnownFileType = sourcecode.swift; path = Buy_Sell_TicketTests.swift; sourceTree = "<group>"; };
		59A895952015A9B200416B96 /* Info.plist */ = {isa = PBXFileReference; lastKnownFileType = text.plist.xml; path = Info.plist; sourceTree = "<group>"; };
/* End PBXFileReference section */

/* Begin PBXFrameworksBuildPhase section */
		59A895752015A9B200416B96 /* Frameworks */ = {
			isa = PBXFrameworksBuildPhase;
			buildActionMask = 2147483647;
			files = (
			);
			runOnlyForDeploymentPostprocessing = 0;
		};
		59A8958C2015A9B200416B96 /* Frameworks */ = {
			isa = PBXFrameworksBuildPhase;
			buildActionMask = 2147483647;
			files = (
			);
			runOnlyForDeploymentPostprocessing = 0;
		};
/* End PBXFrameworksBuildPhase section */

/* Begin PBXGroup section */
		59A8956F2015A9B100416B96 = {
			isa = PBXGroup;
			children = (
				59A8957A2015A9B200416B96 /* Buy_Sell_Ticket */,
				59A895922015A9B200416B96 /* Buy_Sell_TicketTests */,
				59A895792015A9B200416B96 /* Products */,
			);
			sourceTree = "<group>";
		};
		59A895792015A9B200416B96 /* Products */ = {
			isa = PBXGroup;
			children = (
				59A895782015A9B200416B96 /* Buy_Sell_Ticket.app */,
				59A8958F2015A9B200416B96 /* Buy_Sell_TicketTests.xctest */,
			);
			name = Products;
			sourceTree = "<group>";
		};
		59A8957A2015A9B200416B96 /* Buy_Sell_Ticket */ = {
			isa = PBXGroup;
			children = (
				59A8957B2015A9B200416B96 /* AppDelegate.swift */,
				59A8957D2015A9B200416B96 /* ViewController.swift */,
				59A8957F2015A9B200416B96 /* Main.storyboard */,
				59A895852015A9B200416B96 /* Assets.xcassets */,
				59A895872015A9B200416B96 /* LaunchScreen.storyboard */,
				59A8958A2015A9B200416B96 /* Info.plist */,
				59A895822015A9B200416B96 /* Buy_Sell_Ticket.xcdatamodeld */,
			);
			path = Buy_Sell_Ticket;
			sourceTree = "<group>";
		};
		59A895922015A9B200416B96 /* Buy_Sell_TicketTests */ = {
			isa = PBXGroup;
			children = (
				59A895932015A9B200416B96 /* Buy_Sell_TicketTests.swift */,
				59A895952015A9B200416B96 /* Info.plist */,
			);
			path = Buy_Sell_TicketTests;
			sourceTree = "<group>";
		};
/* End PBXGroup section */

/* Begin PBXNativeTarget section */
		59A895772015A9B200416B96 /* Buy_Sell_Ticket */ = {
			isa = PBXNativeTarget;
			buildConfigurationList = 59A895982015A9B200416B96 /* Build configuration list for PBXNativeTarget "Buy_Sell_Ticket" */;
			buildPhases = (
				59A895742015A9B200416B96 /* Sources */,
				59A895752015A9B200416B96 /* Frameworks */,
				59A895762015A9B200416B96 /* Resources */,
			);
			buildRules = (
			);
			dependencies = (
			);
			name = Buy_Sell_Ticket;
			productName = Buy_Sell_Ticket;
			productReference = 59A895782015A9B200416B96 /* Buy_Sell_Ticket.app */;
			productType = "com.apple.product-type.application";
		};
		59A8958E2015A9B200416B96 /* Buy_Sell_TicketTests */ = {
			isa = PBXNativeTarget;
			buildConfigurationList = 59A8959B2015A9B200416B96 /* Build configuration list for PBXNativeTarget "Buy_Sell_TicketTests" */;
			buildPhases = (
				59A8958B2015A9B200416B96 /* Sources */,
				59A8958C2015A9B200416B96 /* Frameworks */,
				59A8958D2015A9B200416B96 /* Resources */,
			);
			buildRules = (
			);
			dependencies = (
				59A895912015A9B200416B96 /* PBXTargetDependency */,
			);
			name = Buy_Sell_TicketTests;
			productName = Buy_Sell_TicketTests;
			productReference = 59A8958F2015A9B200416B96 /* Buy_Sell_TicketTests.xctest */;
			productType = "com.apple.product-type.bundle.unit-test";
		};
/* End PBXNativeTarget section */

/* Begin PBXProject section */
		59A895702015A9B100416B96 /* Project object */ = {
			isa = PBXProject;
			attributes = {
				LastSwiftUpdateCheck = 0920;
				LastUpgradeCheck = 0920;
				ORGANIZATIONNAME = "Rabeeh KP";
				TargetAttributes = {
					59A895772015A9B200416B96 = {
						CreatedOnToolsVersion = 9.2;
						ProvisioningStyle = Automatic;
					};
					59A8958E2015A9B200416B96 = {
						CreatedOnToolsVersion = 9.2;
						ProvisioningStyle = Automatic;
						TestTargetID = 59A895772015A9B200416B96;
					};
				};
			};
			buildConfigurationList = 59A895732015A9B200416B96 /* Build configuration list for PBXProject "Buy_Sell_Ticket" */;
			compatibilityVersion = "Xcode 8.0";
			developmentRegion = en;
			hasScannedForEncodings = 0;
			knownRegions = (
				en,
				Base,
			);
			mainGroup = 59A8956F2015A9B100416B96;
			productRefGroup = 59A895792015A9B200416B96 /* Products */;
			projectDirPath = "";
			projectRoot = "";
			targets = (
				59A895772015A9B200416B96 /* Buy_Sell_Ticket */,
				59A8958E2015A9B200416B96 /* Buy_Sell_TicketTests */,
			);
		};
/* End PBXProject section */

/* Begin PBXResourcesBuildPhase section */
		59A895762015A9B200416B96 /* Resources */ = {
			isa = PBXResourcesBuildPhase;
			buildActionMask = 2147483647;
			files = (
				59A895892015A9B200416B96 /* LaunchScreen.storyboard in Resources */,
				59A895862015A9B200416B96 /* Assets.xcassets in Resources */,
				59A895812015A9B200416B96 /* Main.storyboard in Resources */,
			);
			runOnlyForDeploymentPostprocessing = 0;
		};
		59A8958D2015A9B200416B96 /* Resources */ = {
			isa = PBXResourcesBuildPhase;
			buildActionMask = 2147483647;
			files = (
			);
			runOnlyForDeploymentPostprocessing = 0;
		};
/* End PBXResourcesBuildPhase section */

/* Begin PBXSourcesBuildPhase section */
		59A895742015A9B200416B96 /* Sources */ = {
			isa = PBXSourcesBuildPhase;
			buildActionMask = 2147483647;
			files = (
				59A8957E2015A9B200416B96 /* ViewController.swift in Sources */,
				59A8957C2015A9B200416B96 /* AppDelegate.swift in Sources */,
				59A895842015A9B200416B96 /* Buy_Sell_Ticket.xcdatamodeld in Sources */,
			);
			runOnlyForDeploymentPostprocessing = 0;
		};
		59A8958B2015A9B200416B96 /* Sources */ = {
			isa = PBXSourcesBuildPhase;
			buildActionMask = 2147483647;
			files = (
				59A895942015A9B200416B96 /* Buy_Sell_TicketTests.swift in Sources */,
			);
			runOnlyForDeploymentPostprocessing = 0;
		};
/* End PBXSourcesBuildPhase section */

/* Begin PBXTargetDependency section */
		59A895912015A9B200416B96 /* PBXTargetDependency */ = {
			isa = PBXTargetDependency;
			target = 59A895772015A9B200416B96 /* Buy_Sell_Ticket */;
			targetProxy = 59A895902015A9B200416B96 /* PBXContainerItemProxy */;
		};
/* End PBXTargetDependency section */

/* Begin PBXVariantGroup section */
		59A8957F2015A9B200416B96 /* Main.storyboard */ = {
			isa = PBXVariantGroup;
			children = (
				59A895802015A9B200416B96 /* Base */,
			);
			name = Main.storyboard;
			sourceTree = "<group>";
		};
		59A895872015A9B200416B96 /* LaunchScreen.storyboard */ = {
			isa = PBXVariantGroup;
			children = (
				59A895882015A9B200416B96 /* Base */,
			);
			name = LaunchScreen.storyboard;
			sourceTree = "<group>";
		};
/* End PBXVariantGroup section */

/* Begin XCBuildConfiguration section */
		59A895962015A9B200416B96 /* Debug */ = {
			isa = XCBuildConfiguration;
			buildSettings = {
				ALWAYS_SEARCH_USER_PATHS = NO;
				CLANG_ANALYZER_NONNULL = YES;
				CLANG_ANALYZER_NUMBER_OBJECT_CONVERSION = YES_AGGRESSIVE;
				CLANG_CXX_LANGUAGE_STANDARD = "gnu++14";
				CLANG_CXX_LIBRARY = "libc++";
				CLANG_ENABLE_MODULES = YES;
				CLANG_ENABLE_OBJC_ARC = YES;
				CLANG_WARN_BLOCK_CAPTURE_AUTORELEASING = YES;
				CLANG_WARN_BOOL_CONVERSION = YES;
				CLANG_WARN_COMMA = YES;
				CLANG_WARN_CONSTANT_CONVERSION = YES;
				CLANG_WARN_DIRECT_OBJC_ISA_USAGE = YES_ERROR;
				CLANG_WARN_DOCUMENTATION_COMMENTS = YES;
				CLANG_WARN_EMPTY_BODY = YES;
				CLANG_WARN_ENUM_CONVERSION = YES;
				CLANG_WARN_INFINITE_RECURSION = YES;
				CLANG_WARN_INT_CONVERSION = YES;
				CLANG_WARN_NON_LITERAL_NULL_CONVERSION = YES;
				CLANG_WARN_OBJC_LITERAL_CONVERSION = YES;
				CLANG_WARN_OBJC_ROOT_CLASS = YES_ERROR;
				CLANG_WARN_RANGE_LOOP_ANALYSIS = YES;
				CLANG_WARN_STRICT_PROTOTYPES = YES;
				CLANG_WARN_SUSPICIOUS_MOVE = YES;
				CLANG_WARN_UNGUARDED_AVAILABILITY = YES_AGGRESSIVE;
				CLANG_WARN_UNREACHABLE_CODE = YES;
				CLANG_WARN__DUPLICATE_METHOD_MATCH = YES;
				CODE_SIGN_IDENTITY = "iPhone Developer";
				COPY_PHASE_STRIP = NO;
				DEBUG_INFORMATION_FORMAT = dwarf;
				ENABLE_STRICT_OBJC_MSGSEND = YES;
				ENABLE_TESTABILITY = YES;
				GCC_C_LANGUAGE_STANDARD = gnu11;
				GCC_DYNAMIC_NO_PIC = NO;
				GCC_NO_COMMON_BLOCKS = YES;
				GCC_OPTIMIZATION_LEVEL = 0;
				GCC_PREPROCESSOR_DEFINITIONS = (
					"DEBUG=1",
					"$(inherited)",
				);
				GCC_WARN_64_TO_32_BIT_CONVERSION = YES;
				GCC_WARN_ABOUT_RETURN_TYPE = YES_ERROR;
				GCC_WARN_UNDECLARED_SELECTOR = YES;
				GCC_WARN_UNINITIALIZED_AUTOS = YES_AGGRESSIVE;
				GCC_WARN_UNUSED_FUNCTION = YES;
				GCC_WARN_UNUSED_VARIABLE = YES;
				IPHONEOS_DEPLOYMENT_TARGET = 11.2;
				MTL_ENABLE_DEBUG_INFO = YES;
				ONLY_ACTIVE_ARCH = YES;
				SDKROOT = iphoneos;
				SWIFT_ACTIVE_COMPILATION_CONDITIONS = DEBUG;
				SWIFT_OPTIMIZATION_LEVEL = "-Onone";
			};
			name = Debug;
		};
		59A895972015A9B200416B96 /* Release */ = {
			isa = XCBuildConfiguration;
			buildSettings = {
				ALWAYS_SEARCH_USER_PATHS = NO;
				CLANG_ANALYZER_NONNULL = YES;
				CLANG_ANALYZER_NUMBER_OBJECT_CONVERSION = YES_AGGRESSIVE;
				CLANG_CXX_LANGUAGE_STANDARD = "gnu++14";
				CLANG_CXX_LIBRARY = "libc++";
				CLANG_ENABLE_MODULES = YES;
				CLANG_ENABLE_OBJC_ARC = YES;
				CLANG_WARN_BLOCK_CAPTURE_AUTORELEASING = YES;
				CLANG_WARN_BOOL_CONVERSION = YES;
				CLANG_WARN_COMMA = YES;
				CLANG_WARN_CONSTANT_CONVERSION = YES;
				CLANG_WARN_DIRECT_OBJC_ISA_USAGE = YES_ERROR;
				CLANG_WARN_DOCUMENTATION_COMMENTS = YES;
				CLANG_WARN_EMPTY_BODY = YES;
				CLANG_WARN_ENUM_CONVERSION = YES;
				CLANG_WARN_INFINITE_RECURSION = YES;
				CLANG_WARN_INT_CONVERSION = YES;
				CLANG_WARN_NON_LITERAL_NULL_CONVERSION = YES;
				CLANG_WARN_OBJC_LITERAL_CONVERSION = YES;
				CLANG_WARN_OBJC_ROOT_CLASS = YES_ERROR;
				CLANG_WARN_RANGE_LOOP_ANALYSIS = YES;
				CLANG_WARN_STRICT_PROTOTYPES = YES;
				CLANG_WARN_SUSPICIOUS_MOVE = YES;
				CLANG_WARN_UNGUARDED_AVAILABILITY = YES_AGGRESSIVE;
				CLANG_WARN_UNREACHABLE_CODE = YES;
				CLANG_WARN__DUPLICATE_METHOD_MATCH = YES;
				CODE_SIGN_IDENTITY = "iPhone Developer";
				COPY_PHASE_STRIP = NO;
				DEBUG_INFORMATION_FORMAT = "dwarf-with-dsym";
				ENABLE_NS_ASSERTIONS = NO;
				ENABLE_STRICT_OBJC_MSGSEND = YES;
				GCC_C_LANGUAGE_STANDARD = gnu11;
				GCC_NO_COMMON_BLOCKS = YES;
				GCC_WARN_64_TO_32_BIT_CONVERSION = YES;
				GCC_WARN_ABOUT_RETURN_TYPE = YES_ERROR;
				GCC_WARN_UNDECLARED_SELECTOR = YES;
				GCC_WARN_UNINITIALIZED_AUTOS = YES_AGGRESSIVE;
				GCC_WARN_UNUSED_FUNCTION = YES;
				GCC_WARN_UNUSED_VARIABLE = YES;
				IPHONEOS_DEPLOYMENT_TARGET = 11.2;
				MTL_ENABLE_DEBUG_INFO = NO;
				SDKROOT = iphoneos;
				SWIFT_OPTIMIZATION_LEVEL = "-Owholemodule";
				VALIDATE_PRODUCT = YES;
			};
			name = Release;
		};
		59A895992015A9B200416B96 /* Debug */ = {
			isa = XCBuildConfiguration;
			buildSettings = {
				ASSETCATALOG_COMPILER_APPICON_NAME = AppIcon;
				CODE_SIGN_STYLE = Automatic;
				DEVELOPMENT_TEAM = CZ6TZM89R5;
				INFOPLIST_FILE = Buy_Sell_Ticket/Info.plist;
				LD_RUNPATH_SEARCH_PATHS = "$(inherited) @executable_path/Frameworks";
				PRODUCT_BUNDLE_IDENTIFIER = "com.-Buy-Sell-Ticket.Buy-Sell-Ticket";
				PRODUCT_NAME = "$(TARGET_NAME)";
				SWIFT_VERSION = 4.0;
				TARGETED_DEVICE_FAMILY = "1,2";
			};
			name = Debug;
		};
		59A8959A2015A9B200416B96 /* Release */ = {
			isa = XCBuildConfiguration;
			buildSettings = {
				ASSETCATALOG_COMPILER_APPICON_NAME = AppIcon;
				CODE_SIGN_STYLE = Automatic;
				DEVELOPMENT_TEAM = CZ6TZM89R5;
				INFOPLIST_FILE = Buy_Sell_Ticket/Info.plist;
				LD_RUNPATH_SEARCH_PATHS = "$(inherited) @executable_path/Frameworks";
				PRODUCT_BUNDLE_IDENTIFIER = "com.-Buy-Sell-Ticket.Buy-Sell-Ticket";
				PRODUCT_NAME = "$(TARGET_NAME)";
				SWIFT_VERSION = 4.0;
				TARGETED_DEVICE_FAMILY = "1,2";
			};
			name = Release;
		};
		59A8959C2015A9B200416B96 /* Debug */ = {
			isa = XCBuildConfiguration;
			buildSettings = {
				ALWAYS_EMBED_SWIFT_STANDARD_LIBRARIES = YES;
				BUNDLE_LOADER = "$(TEST_HOST)";
				CODE_SIGN_STYLE = Automatic;
				DEVELOPMENT_TEAM = CZ6TZM89R5;
				INFOPLIST_FILE = Buy_Sell_TicketTests/Info.plist;
				LD_RUNPATH_SEARCH_PATHS = "$(inherited) @executable_path/Frameworks @loader_path/Frameworks";
				PRODUCT_BUNDLE_IDENTIFIER = "com.-Buy-Sell-Ticket.Buy-Sell-TicketTests";
				PRODUCT_NAME = "$(TARGET_NAME)";
				SWIFT_VERSION = 4.0;
				TARGETED_DEVICE_FAMILY = "1,2";
				TEST_HOST = "$(BUILT_PRODUCTS_DIR)/Buy_Sell_Ticket.app/Buy_Sell_Ticket";
			};
			name = Debug;
		};
		59A8959D2015A9B200416B96 /* Release */ = {
			isa = XCBuildConfiguration;
			buildSettings = {
				ALWAYS_EMBED_SWIFT_STANDARD_LIBRARIES = YES;
				BUNDLE_LOADER = "$(TEST_HOST)";
				CODE_SIGN_STYLE = Automatic;
				DEVELOPMENT_TEAM = CZ6TZM89R5;
				INFOPLIST_FILE = Buy_Sell_TicketTests/Info.plist;
				LD_RUNPATH_SEARCH_PATHS = "$(inherited) @executable_path/Frameworks @loader_path/Frameworks";
				PRODUCT_BUNDLE_IDENTIFIER = "com.-Buy-Sell-Ticket.Buy-Sell-TicketTests";
				PRODUCT_NAME = "$(TARGET_NAME)";
				SWIFT_VERSION = 4.0;
				TARGETED_DEVICE_FAMILY = "1,2";
				TEST_HOST = "$(BUILT_PRODUCTS_DIR)/Buy_Sell_Ticket.app/Buy_Sell_Ticket";
			};
			name = Release;
		};
/* End XCBuildConfiguration section */

/* Begin XCConfigurationList section */
		59A895732015A9B200416B96 /* Build configuration list for PBXProject "Buy_Sell_Ticket" */ = {
			isa = XCConfigurationList;
			buildConfigurations = (
				59A895962015A9B200416B96 /* Debug */,
				59A895972015A9B200416B96 /* Release */,
			);
			defaultConfigurationIsVisible = 0;
			defaultConfigurationName = Release;
		};
		59A895982015A9B200416B96 /* Build configuration list for PBXNativeTarget "Buy_Sell_Ticket" */ = {
			isa = XCConfigurationList;
			buildConfigurations = (
				59A895992015A9B200416B96 /* Debug */,
				59A8959A2015A9B200416B96 /* Release */,
			);
			defaultConfigurationIsVisible = 0;
			defaultConfigurationName = Release;
		};
		59A8959B2015A9B200416B96 /* Build configuration list for PBXNativeTarget "Buy_Sell_TicketTests" */ = {
			isa = XCConfigurationList;
			buildConfigurations = (
				59A8959C2015A9B200416B96 /* Debug */,
				59A8959D2015A9B200416B96 /* Release */,
			);
			defaultConfigurationIsVisible = 0;
			defaultConfigurationName = Release;
		};
/* End XCConfigurationList section */

/* Begin XCVersionGroup section */
		59A895822015A9B200416B96 /* Buy_Sell_Ticket.xcdatamodeld */ = {
			isa = XCVersionGroup;
			children = (
				59A895832015A9B200416B96 /* Buy_Sell_Ticket.xcdatamodel */,
			);
			currentVersion = 59A895832015A9B200416B96 /* Buy_Sell_Ticket.xcdatamodel */;
			path = Buy_Sell_Ticket.xcdatamodeld;
			sourceTree = "<group>";
			versionGroupType = wrapper.xcdatamodel;
		};
/* End XCVersionGroup section */
	};
	rootObject = 59A895702015A9B100416B96 /* Project object */;
}
