// !$*UTF8*$!
{
	archiveVersion = 1;
	classes = {
	};
	objectVersion = 48;
	objects = {

/* Begin PBXBuildFile section */
		5936A91F2018623B0022CCFE /* extensions.swift in Sources */ = {isa = PBXBuildFile; fileRef = 5936A91E2018623B0022CCFE /* extensions.swift */; };
		5936A9202018623B0022CCFE /* extensions.swift in Sources */ = {isa = PBXBuildFile; fileRef = 5936A91E2018623B0022CCFE /* extensions.swift */; };
		5936A922201879EC0022CCFE /* Buy_sell_TabBar.swift in Sources */ = {isa = PBXBuildFile; fileRef = 5936A921201879EC0022CCFE /* Buy_sell_TabBar.swift */; };
		5936A923201879EC0022CCFE /* Buy_sell_TabBar.swift in Sources */ = {isa = PBXBuildFile; fileRef = 5936A921201879EC0022CCFE /* Buy_sell_TabBar.swift */; };
		5936A9262019CCE70022CCFE /* ButtonsXIB_Cell.swift in Sources */ = {isa = PBXBuildFile; fileRef = 5936A9242019CCE60022CCFE /* ButtonsXIB_Cell.swift */; };
		5936A9272019CCE70022CCFE /* ButtonsXIB_Cell.swift in Sources */ = {isa = PBXBuildFile; fileRef = 5936A9242019CCE60022CCFE /* ButtonsXIB_Cell.swift */; };
		5936A9282019CCE70022CCFE /* ButtonsXIB_Cell.xib in Resources */ = {isa = PBXBuildFile; fileRef = 5936A9252019CCE60022CCFE /* ButtonsXIB_Cell.xib */; };
		5936A9292019CCE70022CCFE /* ButtonsXIB_Cell.xib in Resources */ = {isa = PBXBuildFile; fileRef = 5936A9252019CCE60022CCFE /* ButtonsXIB_Cell.xib */; };
		599EEE6120170F36007EB844 /* Movie_Post_VC.swift in Sources */ = {isa = PBXBuildFile; fileRef = 599EEE6020170F36007EB844 /* Movie_Post_VC.swift */; };
		599EEE642017153E007EB844 /* Select_Movie_Cell.swift in Sources */ = {isa = PBXBuildFile; fileRef = 599EEE632017153E007EB844 /* Select_Movie_Cell.swift */; };
		599EEE662017155D007EB844 /* Select_Date_Cell.swift in Sources */ = {isa = PBXBuildFile; fileRef = 599EEE652017155D007EB844 /* Select_Date_Cell.swift */; };
		599EEE6820171592007EB844 /* No_of_Ticket_Cell.swift in Sources */ = {isa = PBXBuildFile; fileRef = 599EEE6720171592007EB844 /* No_of_Ticket_Cell.swift */; };
		599EEE6A201715B5007EB844 /* Ticket_Class_Cell.swift in Sources */ = {isa = PBXBuildFile; fileRef = 599EEE69201715B5007EB844 /* Ticket_Class_Cell.swift */; };
		599EEE6C201715E5007EB844 /* Booked_Method_Cell.swift in Sources */ = {isa = PBXBuildFile; fileRef = 599EEE6B201715E5007EB844 /* Booked_Method_Cell.swift */; };
		599EEE6E20171604007EB844 /* Payment_Cell.swift in Sources */ = {isa = PBXBuildFile; fileRef = 599EEE6D20171604007EB844 /* Payment_Cell.swift */; };
		599EEE7020171DA4007EB844 /* Select_Theater_Cell.swift in Sources */ = {isa = PBXBuildFile; fileRef = 599EEE6F20171DA4007EB844 /* Select_Theater_Cell.swift */; };
		599EEE7420171E5B007EB844 /* Select_Movie_TblCell.swift in Sources */ = {isa = PBXBuildFile; fileRef = 599EEE7320171E5B007EB844 /* Select_Movie_TblCell.swift */; };
		599EEE7620171E83007EB844 /* Select_Date_TblCell.swift in Sources */ = {isa = PBXBuildFile; fileRef = 599EEE7520171E83007EB844 /* Select_Date_TblCell.swift */; };
		599EEE7820171ED5007EB844 /* No_of_Ticket_TblCell.swift in Sources */ = {isa = PBXBuildFile; fileRef = 599EEE7720171ED5007EB844 /* No_of_Ticket_TblCell.swift */; };
		599EEE7A20171F19007EB844 /* Ticket_Row_TblCell.swift in Sources */ = {isa = PBXBuildFile; fileRef = 599EEE7920171F19007EB844 /* Ticket_Row_TblCell.swift */; };
		599EEE7C20171F46007EB844 /* Show_Time_TblCell.swift in Sources */ = {isa = PBXBuildFile; fileRef = 599EEE7B20171F46007EB844 /* Show_Time_TblCell.swift */; };
		599EEE7E20171F6B007EB844 /* Booked_Method_TblCell.swift in Sources */ = {isa = PBXBuildFile; fileRef = 599EEE7D20171F6B007EB844 /* Booked_Method_TblCell.swift */; };
		599EEE8020171F92007EB844 /* Payment_TblCell.swift in Sources */ = {isa = PBXBuildFile; fileRef = 599EEE7F20171F92007EB844 /* Payment_TblCell.swift */; };
		599EEE8220171FB6007EB844 /* Cost_of_Ticket_TblCell.swift in Sources */ = {isa = PBXBuildFile; fileRef = 599EEE8120171FB6007EB844 /* Cost_of_Ticket_TblCell.swift */; };
		599EEE8420171FD1007EB844 /* Post_TblCell.swift in Sources */ = {isa = PBXBuildFile; fileRef = 599EEE8320171FD1007EB844 /* Post_TblCell.swift */; };
		599EEE86201721AD007EB844 /* Ticket_Class_TblCell.swift in Sources */ = {isa = PBXBuildFile; fileRef = 599EEE85201721AD007EB844 /* Ticket_Class_TblCell.swift */; };
		59A8957C2015A9B200416B96 /* AppDelegate.swift in Sources */ = {isa = PBXBuildFile; fileRef = 59A8957B2015A9B200416B96 /* AppDelegate.swift */; };
		59A895812015A9B200416B96 /* Main.storyboard in Resources */ = {isa = PBXBuildFile; fileRef = 59A8957F2015A9B200416B96 /* Main.storyboard */; };
		59A895842015A9B200416B96 /* Buy_Sell_Ticket.xcdatamodeld in Sources */ = {isa = PBXBuildFile; fileRef = 59A895822015A9B200416B96 /* Buy_Sell_Ticket.xcdatamodeld */; };
		59A895862015A9B200416B96 /* Assets.xcassets in Resources */ = {isa = PBXBuildFile; fileRef = 59A895852015A9B200416B96 /* Assets.xcassets */; };
		59A895892015A9B200416B96 /* LaunchScreen.storyboard in Resources */ = {isa = PBXBuildFile; fileRef = 59A895872015A9B200416B96 /* LaunchScreen.storyboard */; };
		59A895942015A9B200416B96 /* Buy_Sell_TicketTests.swift in Sources */ = {isa = PBXBuildFile; fileRef = 59A895932015A9B200416B96 /* Buy_Sell_TicketTests.swift */; };
		59A8959F2015CAFF00416B96 /* My_PostVC.swift in Sources */ = {isa = PBXBuildFile; fileRef = 59A8959E2015CAFF00416B96 /* My_PostVC.swift */; };
		59A895A42015CBA300416B96 /* My_Post_collectionCell.swift in Sources */ = {isa = PBXBuildFile; fileRef = 59A895A32015CBA300416B96 /* My_Post_collectionCell.swift */; };
		59A895A72015CCB400416B96 /* My_Post_Variables.swift in Sources */ = {isa = PBXBuildFile; fileRef = 59A895A62015CCB400416B96 /* My_Post_Variables.swift */; };
		59B5A9472021CC1C00ADDDFB /* MyNewMovie_Post_TblVC.swift in Sources */ = {isa = PBXBuildFile; fileRef = 59B5A9462021CC1C00ADDDFB /* MyNewMovie_Post_TblVC.swift */; };
		59B5A9492021CC3400ADDDFB /* SelectTheater_TblVC.swift in Sources */ = {isa = PBXBuildFile; fileRef = 59B5A9482021CC3400ADDDFB /* SelectTheater_TblVC.swift */; };
		59B5A94B2021CC6E00ADDDFB /* MyNewMovie_Post_VC.swift in Sources */ = {isa = PBXBuildFile; fileRef = 59B5A94A2021CC6E00ADDDFB /* MyNewMovie_Post_VC.swift */; };
		59B5A94D2021CC9900ADDDFB /* SelectTheater_TblCell.swift in Sources */ = {isa = PBXBuildFile; fileRef = 59B5A94C2021CC9900ADDDFB /* SelectTheater_TblCell.swift */; };
		59B5A94F2022D9B600ADDDFB /* View_Animation.swift in Sources */ = {isa = PBXBuildFile; fileRef = 59B5A94E2022D9B600ADDDFB /* View_Animation.swift */; };
		59D49B8F201F163500989623 /* MyNew_Post_TblVC.swift in Sources */ = {isa = PBXBuildFile; fileRef = 59D49B8E201F163500989623 /* MyNew_Post_TblVC.swift */; };
		59D49B98201F16F500989623 /* Buttons_Collctn_Xib_Cells.swift in Sources */ = {isa = PBXBuildFile; fileRef = 59D49B96201F16F500989623 /* Buttons_Collctn_Xib_Cells.swift */; };
		59D49B99201F16F500989623 /* Buttons_Collctn_Xib_Cells.xib in Resources */ = {isa = PBXBuildFile; fileRef = 59D49B97201F16F500989623 /* Buttons_Collctn_Xib_Cells.xib */; };
		59D49B9C201F171B00989623 /* Text_Field_Cells.swift in Sources */ = {isa = PBXBuildFile; fileRef = 59D49B9A201F171B00989623 /* Text_Field_Cells.swift */; };
		59D49B9D201F171B00989623 /* Text_Field_Cells.xib in Resources */ = {isa = PBXBuildFile; fileRef = 59D49B9B201F171B00989623 /* Text_Field_Cells.xib */; };
		59D49BA0201F174300989623 /* Buttons_Xib_Cells.swift in Sources */ = {isa = PBXBuildFile; fileRef = 59D49B9E201F174300989623 /* Buttons_Xib_Cells.swift */; };
		59D49BA1201F174300989623 /* Buttons_Xib_Cells.xib in Resources */ = {isa = PBXBuildFile; fileRef = 59D49B9F201F174300989623 /* Buttons_Xib_Cells.xib */; };
		59D49BA4201F1CFF00989623 /* MovieImg_cell.swift in Sources */ = {isa = PBXBuildFile; fileRef = 59D49BA2201F1CFF00989623 /* MovieImg_cell.swift */; };
		59D49BA5201F1CFF00989623 /* MovieImg_cell.xib in Resources */ = {isa = PBXBuildFile; fileRef = 59D49BA3201F1CFF00989623 /* MovieImg_cell.xib */; };
		59D49BAA201F1F5500989623 /* Movie_Img_Collctn_Cell.swift in Sources */ = {isa = PBXBuildFile; fileRef = 59D49BA8201F1F5500989623 /* Movie_Img_Collctn_Cell.swift */; };
		59D49BAB201F1F5500989623 /* Movie_Img_Collctn_Cell.xib in Resources */ = {isa = PBXBuildFile; fileRef = 59D49BA9201F1F5500989623 /* Movie_Img_Collctn_Cell.xib */; };
		59D49BAE201F2E8D00989623 /* SearchTbl_Xib_Cell.swift in Sources */ = {isa = PBXBuildFile; fileRef = 59D49BAC201F2E8D00989623 /* SearchTbl_Xib_Cell.swift */; };
		59D49BAF201F2E8D00989623 /* SearchTbl_Xib_Cell.xib in Resources */ = {isa = PBXBuildFile; fileRef = 59D49BAD201F2E8D00989623 /* SearchTbl_Xib_Cell.xib */; };
		59D49BB2201F312E00989623 /* PostTicket_TblCell.swift in Sources */ = {isa = PBXBuildFile; fileRef = 59D49BB0201F312E00989623 /* PostTicket_TblCell.swift */; };
		59D49BB3201F312E00989623 /* PostTicket_TblCell.xib in Resources */ = {isa = PBXBuildFile; fileRef = 59D49BB1201F312E00989623 /* PostTicket_TblCell.xib */; };
		59DD12572019D8B50060746D /* Button_Collection_Cell.swift in Sources */ = {isa = PBXBuildFile; fileRef = 59DD12552019D8B50060746D /* Button_Collection_Cell.swift */; };
		59DD12582019D8B50060746D /* Button_Collection_Cell.xib in Resources */ = {isa = PBXBuildFile; fileRef = 59DD12562019D8B50060746D /* Button_Collection_Cell.xib */; };
		59DD125A2019E4170060746D /* New_Post_VC.swift in Sources */ = {isa = PBXBuildFile; fileRef = 59DD12592019E4170060746D /* New_Post_VC.swift */; };
		59DD125C2019F00C0060746D /* demoTblCtrl.swift in Sources */ = {isa = PBXBuildFile; fileRef = 59DD125B2019F00C0060746D /* demoTblCtrl.swift */; };
/* End PBXBuildFile section */

/* Begin PBXContainerItemProxy section */
		59A895902015A9B200416B96 /* PBXContainerItemProxy */ = {
			isa = PBXContainerItemProxy;
			containerPortal = 59A895702015A9B100416B96 /* Project object */;
			proxyType = 1;
			remoteGlobalIDString = 59A895772015A9B200416B96;
			remoteInfo = Buy_Sell_Ticket;
		};
/* End PBXContainerItemProxy section */

/* Begin PBXFileReference section */
		5936A91E2018623B0022CCFE /* extensions.swift */ = {isa = PBXFileReference; fileEncoding = 4; lastKnownFileType = sourcecode.swift; path = extensions.swift; sourceTree = "<group>"; };
		5936A921201879EC0022CCFE /* Buy_sell_TabBar.swift */ = {isa = PBXFileReference; lastKnownFileType = sourcecode.swift; path = Buy_sell_TabBar.swift; sourceTree = "<group>"; };
		5936A9242019CCE60022CCFE /* ButtonsXIB_Cell.swift */ = {isa = PBXFileReference; lastKnownFileType = sourcecode.swift; path = ButtonsXIB_Cell.swift; sourceTree = "<group>"; };
		5936A9252019CCE60022CCFE /* ButtonsXIB_Cell.xib */ = {isa = PBXFileReference; lastKnownFileType = file.xib; path = ButtonsXIB_Cell.xib; sourceTree = "<group>"; };
		599EEE6020170F36007EB844 /* Movie_Post_VC.swift */ = {isa = PBXFileReference; lastKnownFileType = sourcecode.swift; path = Movie_Post_VC.swift; sourceTree = "<group>"; };
		599EEE632017153E007EB844 /* Select_Movie_Cell.swift */ = {isa = PBXFileReference; lastKnownFileType = sourcecode.swift; path = Select_Movie_Cell.swift; sourceTree = "<group>"; };
		599EEE652017155D007EB844 /* Select_Date_Cell.swift */ = {isa = PBXFileReference; lastKnownFileType = sourcecode.swift; path = Select_Date_Cell.swift; sourceTree = "<group>"; };
		599EEE6720171592007EB844 /* No_of_Ticket_Cell.swift */ = {isa = PBXFileReference; lastKnownFileType = sourcecode.swift; path = No_of_Ticket_Cell.swift; sourceTree = "<group>"; };
		599EEE69201715B5007EB844 /* Ticket_Class_Cell.swift */ = {isa = PBXFileReference; lastKnownFileType = sourcecode.swift; path = Ticket_Class_Cell.swift; sourceTree = "<group>"; };
		599EEE6B201715E5007EB844 /* Booked_Method_Cell.swift */ = {isa = PBXFileReference; lastKnownFileType = sourcecode.swift; path = Booked_Method_Cell.swift; sourceTree = "<group>"; };
		599EEE6D20171604007EB844 /* Payment_Cell.swift */ = {isa = PBXFileReference; lastKnownFileType = sourcecode.swift; path = Payment_Cell.swift; sourceTree = "<group>"; };
		599EEE6F20171DA4007EB844 /* Select_Theater_Cell.swift */ = {isa = PBXFileReference; lastKnownFileType = sourcecode.swift; path = Select_Theater_Cell.swift; sourceTree = "<group>"; };
		599EEE7320171E5B007EB844 /* Select_Movie_TblCell.swift */ = {isa = PBXFileReference; lastKnownFileType = sourcecode.swift; path = Select_Movie_TblCell.swift; sourceTree = "<group>"; };
		599EEE7520171E83007EB844 /* Select_Date_TblCell.swift */ = {isa = PBXFileReference; lastKnownFileType = sourcecode.swift; path = Select_Date_TblCell.swift; sourceTree = "<group>"; };
		599EEE7720171ED5007EB844 /* No_of_Ticket_TblCell.swift */ = {isa = PBXFileReference; lastKnownFileType = sourcecode.swift; path = No_of_Ticket_TblCell.swift; sourceTree = "<group>"; };
		599EEE7920171F19007EB844 /* Ticket_Row_TblCell.swift */ = {isa = PBXFileReference; lastKnownFileType = sourcecode.swift; path = Ticket_Row_TblCell.swift; sourceTree = "<group>"; };
		599EEE7B20171F46007EB844 /* Show_Time_TblCell.swift */ = {isa = PBXFileReference; lastKnownFileType = sourcecode.swift; path = Show_Time_TblCell.swift; sourceTree = "<group>"; };
		599EEE7D20171F6B007EB844 /* Booked_Method_TblCell.swift */ = {isa = PBXFileReference; lastKnownFileType = sourcecode.swift; path = Booked_Method_TblCell.swift; sourceTree = "<group>"; };
		599EEE7F20171F92007EB844 /* Payment_TblCell.swift */ = {isa = PBXFileReference; lastKnownFileType = sourcecode.swift; path = Payment_TblCell.swift; sourceTree = "<group>"; };
		599EEE8120171FB6007EB844 /* Cost_of_Ticket_TblCell.swift */ = {isa = PBXFileReference; lastKnownFileType = sourcecode.swift; path = Cost_of_Ticket_TblCell.swift; sourceTree = "<group>"; };
		599EEE8320171FD1007EB844 /* Post_TblCell.swift */ = {isa = PBXFileReference; lastKnownFileType = sourcecode.swift; path = Post_TblCell.swift; sourceTree = "<group>"; };
		599EEE85201721AD007EB844 /* Ticket_Class_TblCell.swift */ = {isa = PBXFileReference; lastKnownFileType = sourcecode.swift; path = Ticket_Class_TblCell.swift; sourceTree = "<group>"; };
		59A895782015A9B200416B96 /* Buy_Sell_Ticket.app */ = {isa = PBXFileReference; explicitFileType = wrapper.application; includeInIndex = 0; path = Buy_Sell_Ticket.app; sourceTree = BUILT_PRODUCTS_DIR; };
		59A8957B2015A9B200416B96 /* AppDelegate.swift */ = {isa = PBXFileReference; lastKnownFileType = sourcecode.swift; path = AppDelegate.swift; sourceTree = "<group>"; };
		59A895802015A9B200416B96 /* Base */ = {isa = PBXFileReference; lastKnownFileType = file.storyboard; name = Base; path = Base.lproj/Main.storyboard; sourceTree = "<group>"; };
		59A895832015A9B200416B96 /* Buy_Sell_Ticket.xcdatamodel */ = {isa = PBXFileReference; lastKnownFileType = wrapper.xcdatamodel; path = Buy_Sell_Ticket.xcdatamodel; sourceTree = "<group>"; };
		59A895852015A9B200416B96 /* Assets.xcassets */ = {isa = PBXFileReference; lastKnownFileType = folder.assetcatalog; path = Assets.xcassets; sourceTree = "<group>"; };
		59A895882015A9B200416B96 /* Base */ = {isa = PBXFileReference; lastKnownFileType = file.storyboard; name = Base; path = Base.lproj/LaunchScreen.storyboard; sourceTree = "<group>"; };
		59A8958A2015A9B200416B96 /* Info.plist */ = {isa = PBXFileReference; lastKnownFileType = text.plist.xml; path = Info.plist; sourceTree = "<group>"; };
		59A8958F2015A9B200416B96 /* Buy_Sell_TicketTests.xctest */ = {isa = PBXFileReference; explicitFileType = wrapper.cfbundle; includeInIndex = 0; path = Buy_Sell_TicketTests.xctest; sourceTree = BUILT_PRODUCTS_DIR; };
		59A895932015A9B200416B96 /* Buy_Sell_TicketTests.swift */ = {isa = PBXFileReference; lastKnownFileType = sourcecode.swift; path = Buy_Sell_TicketTests.swift; sourceTree = "<group>"; };
		59A895952015A9B200416B96 /* Info.plist */ = {isa = PBXFileReference; lastKnownFileType = text.plist.xml; path = Info.plist; sourceTree = "<group>"; };
		59A8959E2015CAFF00416B96 /* My_PostVC.swift */ = {isa = PBXFileReference; lastKnownFileType = sourcecode.swift; path = My_PostVC.swift; sourceTree = "<group>"; };
		59A895A32015CBA300416B96 /* My_Post_collectionCell.swift */ = {isa = PBXFileReference; lastKnownFileType = sourcecode.swift; path = My_Post_collectionCell.swift; sourceTree = "<group>"; };
		59A895A62015CCB400416B96 /* My_Post_Variables.swift */ = {isa = PBXFileReference; lastKnownFileType = sourcecode.swift; path = My_Post_Variables.swift; sourceTree = "<group>"; };
		59B5A9462021CC1C00ADDDFB /* MyNewMovie_Post_TblVC.swift */ = {isa = PBXFileReference; lastKnownFileType = sourcecode.swift; path = MyNewMovie_Post_TblVC.swift; sourceTree = "<group>"; };
		59B5A9482021CC3400ADDDFB /* SelectTheater_TblVC.swift */ = {isa = PBXFileReference; lastKnownFileType = sourcecode.swift; path = SelectTheater_TblVC.swift; sourceTree = "<group>"; };
		59B5A94A2021CC6E00ADDDFB /* MyNewMovie_Post_VC.swift */ = {isa = PBXFileReference; lastKnownFileType = sourcecode.swift; path = MyNewMovie_Post_VC.swift; sourceTree = "<group>"; };
		59B5A94C2021CC9900ADDDFB /* SelectTheater_TblCell.swift */ = {isa = PBXFileReference; lastKnownFileType = sourcecode.swift; path = SelectTheater_TblCell.swift; sourceTree = "<group>"; };
		59B5A94E2022D9B600ADDDFB /* View_Animation.swift */ = {isa = PBXFileReference; lastKnownFileType = sourcecode.swift; path = View_Animation.swift; sourceTree = "<group>"; };
		59D49B8E201F163500989623 /* MyNew_Post_TblVC.swift */ = {isa = PBXFileReference; lastKnownFileType = sourcecode.swift; path = MyNew_Post_TblVC.swift; sourceTree = "<group>"; };
		59D49B96201F16F500989623 /* Buttons_Collctn_Xib_Cells.swift */ = {isa = PBXFileReference; lastKnownFileType = sourcecode.swift; path = Buttons_Collctn_Xib_Cells.swift; sourceTree = "<group>"; };
		59D49B97201F16F500989623 /* Buttons_Collctn_Xib_Cells.xib */ = {isa = PBXFileReference; lastKnownFileType = file.xib; path = Buttons_Collctn_Xib_Cells.xib; sourceTree = "<group>"; };
		59D49B9A201F171B00989623 /* Text_Field_Cells.swift */ = {isa = PBXFileReference; lastKnownFileType = sourcecode.swift; path = Text_Field_Cells.swift; sourceTree = "<group>"; };
		59D49B9B201F171B00989623 /* Text_Field_Cells.xib */ = {isa = PBXFileReference; lastKnownFileType = file.xib; path = Text_Field_Cells.xib; sourceTree = "<group>"; };
		59D49B9E201F174300989623 /* Buttons_Xib_Cells.swift */ = {isa = PBXFileReference; lastKnownFileType = sourcecode.swift; path = Buttons_Xib_Cells.swift; sourceTree = "<group>"; };
		59D49B9F201F174300989623 /* Buttons_Xib_Cells.xib */ = {isa = PBXFileReference; lastKnownFileType = file.xib; path = Buttons_Xib_Cells.xib; sourceTree = "<group>"; };
		59D49BA2201F1CFF00989623 /* MovieImg_cell.swift */ = {isa = PBXFileReference; lastKnownFileType = sourcecode.swift; path = MovieImg_cell.swift; sourceTree = "<group>"; };
		59D49BA3201F1CFF00989623 /* MovieImg_cell.xib */ = {isa = PBXFileReference; lastKnownFileType = file.xib; path = MovieImg_cell.xib; sourceTree = "<group>"; };
		59D49BA8201F1F5500989623 /* Movie_Img_Collctn_Cell.swift */ = {isa = PBXFileReference; lastKnownFileType = sourcecode.swift; path = Movie_Img_Collctn_Cell.swift; sourceTree = "<group>"; };
		59D49BA9201F1F5500989623 /* Movie_Img_Collctn_Cell.xib */ = {isa = PBXFileReference; lastKnownFileType = file.xib; path = Movie_Img_Collctn_Cell.xib; sourceTree = "<group>"; };
		59D49BAC201F2E8D00989623 /* SearchTbl_Xib_Cell.swift */ = {isa = PBXFileReference; lastKnownFileType = sourcecode.swift; path = SearchTbl_Xib_Cell.swift; sourceTree = "<group>"; };
		59D49BAD201F2E8D00989623 /* SearchTbl_Xib_Cell.xib */ = {isa = PBXFileReference; lastKnownFileType = file.xib; path = SearchTbl_Xib_Cell.xib; sourceTree = "<group>"; };
		59D49BB0201F312E00989623 /* PostTicket_TblCell.swift */ = {isa = PBXFileReference; lastKnownFileType = sourcecode.swift; path = PostTicket_TblCell.swift; sourceTree = "<group>"; };
		59D49BB1201F312E00989623 /* PostTicket_TblCell.xib */ = {isa = PBXFileReference; lastKnownFileType = file.xib; path = PostTicket_TblCell.xib; sourceTree = "<group>"; };
		59DD12552019D8B50060746D /* Button_Collection_Cell.swift */ = {isa = PBXFileReference; lastKnownFileType = sourcecode.swift; path = Button_Collection_Cell.swift; sourceTree = "<group>"; };
		59DD12562019D8B50060746D /* Button_Collection_Cell.xib */ = {isa = PBXFileReference; lastKnownFileType = file.xib; path = Button_Collection_Cell.xib; sourceTree = "<group>"; };
		59DD12592019E4170060746D /* New_Post_VC.swift */ = {isa = PBXFileReference; lastKnownFileType = sourcecode.swift; path = New_Post_VC.swift; sourceTree = "<group>"; };
		59DD125B2019F00C0060746D /* demoTblCtrl.swift */ = {isa = PBXFileReference; lastKnownFileType = sourcecode.swift; path = demoTblCtrl.swift; sourceTree = "<group>"; };
/* End PBXFileReference section */

/* Begin PBXFrameworksBuildPhase section */
		59A895752015A9B200416B96 /* Frameworks */ = {
			isa = PBXFrameworksBuildPhase;
			buildActionMask = 2147483647;
			files = (
			);
			runOnlyForDeploymentPostprocessing = 0;
		};
		59A8958C2015A9B200416B96 /* Frameworks */ = {
			isa = PBXFrameworksBuildPhase;
			buildActionMask = 2147483647;
			files = (
			);
			runOnlyForDeploymentPostprocessing = 0;
		};
/* End PBXFrameworksBuildPhase section */

/* Begin PBXGroup section */
		599EEE6220170F5A007EB844 /* TableView_Cells */ = {
			isa = PBXGroup;
			children = (
				599EEE6F20171DA4007EB844 /* Select_Theater_Cell.swift */,
				599EEE7320171E5B007EB844 /* Select_Movie_TblCell.swift */,
				599EEE7520171E83007EB844 /* Select_Date_TblCell.swift */,
				599EEE7720171ED5007EB844 /* No_of_Ticket_TblCell.swift */,
				599EEE85201721AD007EB844 /* Ticket_Class_TblCell.swift */,
				599EEE7920171F19007EB844 /* Ticket_Row_TblCell.swift */,
				599EEE7B20171F46007EB844 /* Show_Time_TblCell.swift */,
				599EEE7D20171F6B007EB844 /* Booked_Method_TblCell.swift */,
				599EEE7F20171F92007EB844 /* Payment_TblCell.swift */,
				599EEE8120171FB6007EB844 /* Cost_of_Ticket_TblCell.swift */,
				599EEE8320171FD1007EB844 /* Post_TblCell.swift */,
			);
			path = TableView_Cells;
			sourceTree = "<group>";
		};
		59A8956F2015A9B100416B96 = {
			isa = PBXGroup;
			children = (
				59B5A94E2022D9B600ADDDFB /* View_Animation.swift */,
				59A8957A2015A9B200416B96 /* Buy_Sell_Ticket */,
				59A895922015A9B200416B96 /* Buy_Sell_TicketTests */,
				59A895792015A9B200416B96 /* Products */,
			);
			sourceTree = "<group>";
		};
		59A895792015A9B200416B96 /* Products */ = {
			isa = PBXGroup;
			children = (
				59A895782015A9B200416B96 /* Buy_Sell_Ticket.app */,
				59A8958F2015A9B200416B96 /* Buy_Sell_TicketTests.xctest */,
			);
			name = Products;
			sourceTree = "<group>";
		};
		59A8957A2015A9B200416B96 /* Buy_Sell_Ticket */ = {
			isa = PBXGroup;
			children = (
				59B5A9452021CBD100ADDDFB /* CustomCell */,
				59D49B8D201F15EF00989623 /* New_Post_XIB and vc */,
				59D49B8C201F15CC00989623 /* XIB */,
				59A895A52015CC8800416B96 /* NSObjects */,
				59A8957B2015A9B200416B96 /* AppDelegate.swift */,
				59A8957F2015A9B200416B96 /* Main.storyboard */,
				59A895852015A9B200416B96 /* Assets.xcassets */,
				59A895872015A9B200416B96 /* LaunchScreen.storyboard */,
				59A8958A2015A9B200416B96 /* Info.plist */,
				59A895A02015CB0700416B96 /* ViewControllers */,
				599EEE6220170F5A007EB844 /* TableView_Cells */,
				59A895A22015CB4500416B96 /* CollectionViewCells */,
				59A895A12015CB1D00416B96 /* CoreData */,
			);
			path = Buy_Sell_Ticket;
			sourceTree = "<group>";
		};
		59A895922015A9B200416B96 /* Buy_Sell_TicketTests */ = {
			isa = PBXGroup;
			children = (
				59A895932015A9B200416B96 /* Buy_Sell_TicketTests.swift */,
				59A895952015A9B200416B96 /* Info.plist */,
			);
			path = Buy_Sell_TicketTests;
			sourceTree = "<group>";
		};
		59A895A02015CB0700416B96 /* ViewControllers */ = {
			isa = PBXGroup;
			children = (
				59A8959E2015CAFF00416B96 /* My_PostVC.swift */,
				599EEE6020170F36007EB844 /* Movie_Post_VC.swift */,
			);
			path = ViewControllers;
			sourceTree = "<group>";
		};
		59A895A12015CB1D00416B96 /* CoreData */ = {
			isa = PBXGroup;
			children = (
				59A895822015A9B200416B96 /* Buy_Sell_Ticket.xcdatamodeld */,
			);
			path = CoreData;
			sourceTree = "<group>";
		};
		59A895A22015CB4500416B96 /* CollectionViewCells */ = {
			isa = PBXGroup;
			children = (
				599EEE632017153E007EB844 /* Select_Movie_Cell.swift */,
				599EEE652017155D007EB844 /* Select_Date_Cell.swift */,
				599EEE6720171592007EB844 /* No_of_Ticket_Cell.swift */,
				599EEE69201715B5007EB844 /* Ticket_Class_Cell.swift */,
				599EEE6B201715E5007EB844 /* Booked_Method_Cell.swift */,
				599EEE6D20171604007EB844 /* Payment_Cell.swift */,
				59A895A32015CBA300416B96 /* My_Post_collectionCell.swift */,
			);
			path = CollectionViewCells;
			sourceTree = "<group>";
		};
		59A895A52015CC8800416B96 /* NSObjects */ = {
			isa = PBXGroup;
			children = (
				5936A91E2018623B0022CCFE /* extensions.swift */,
				59A895A62015CCB400416B96 /* My_Post_Variables.swift */,
			);
			path = NSObjects;
			sourceTree = "<group>";
		};
		59B5A9452021CBD100ADDDFB /* CustomCell */ = {
			isa = PBXGroup;
			children = (
				59B5A9462021CC1C00ADDDFB /* MyNewMovie_Post_TblVC.swift */,
				59B5A9482021CC3400ADDDFB /* SelectTheater_TblVC.swift */,
				59B5A94A2021CC6E00ADDDFB /* MyNewMovie_Post_VC.swift */,
				59B5A94C2021CC9900ADDDFB /* SelectTheater_TblCell.swift */,
			);
			path = CustomCell;
			sourceTree = "<group>";
		};
		59D49B8C201F15CC00989623 /* XIB */ = {
			isa = PBXGroup;
			children = (
				59DD125B2019F00C0060746D /* demoTblCtrl.swift */,
				59DD12592019E4170060746D /* New_Post_VC.swift */,
				5936A921201879EC0022CCFE /* Buy_sell_TabBar.swift */,
				5936A9242019CCE60022CCFE /* ButtonsXIB_Cell.swift */,
				5936A9252019CCE60022CCFE /* ButtonsXIB_Cell.xib */,
				59DD12552019D8B50060746D /* Button_Collection_Cell.swift */,
				59DD12562019D8B50060746D /* Button_Collection_Cell.xib */,
			);
			path = XIB;
			sourceTree = "<group>";
		};
		59D49B8D201F15EF00989623 /* New_Post_XIB and vc */ = {
			isa = PBXGroup;
			children = (
				59D49BA8201F1F5500989623 /* Movie_Img_Collctn_Cell.swift */,
				59D49BA9201F1F5500989623 /* Movie_Img_Collctn_Cell.xib */,
				59D49B9E201F174300989623 /* Buttons_Xib_Cells.swift */,
				59D49B9F201F174300989623 /* Buttons_Xib_Cells.xib */,
				59D49BAC201F2E8D00989623 /* SearchTbl_Xib_Cell.swift */,
				59D49BAD201F2E8D00989623 /* SearchTbl_Xib_Cell.xib */,
				59D49BB0201F312E00989623 /* PostTicket_TblCell.swift */,
				59D49BB1201F312E00989623 /* PostTicket_TblCell.xib */,
				59D49BA2201F1CFF00989623 /* MovieImg_cell.swift */,
				59D49BA3201F1CFF00989623 /* MovieImg_cell.xib */,
				59D49B9A201F171B00989623 /* Text_Field_Cells.swift */,
				59D49B9B201F171B00989623 /* Text_Field_Cells.xib */,
				59D49B96201F16F500989623 /* Buttons_Collctn_Xib_Cells.swift */,
				59D49B97201F16F500989623 /* Buttons_Collctn_Xib_Cells.xib */,
				59D49B8E201F163500989623 /* MyNew_Post_TblVC.swift */,
			);
			path = "New_Post_XIB and vc";
			sourceTree = "<group>";
		};
/* End PBXGroup section */

/* Begin PBXNativeTarget section */
		59A895772015A9B200416B96 /* Buy_Sell_Ticket */ = {
			isa = PBXNativeTarget;
			buildConfigurationList = 59A895982015A9B200416B96 /* Build configuration list for PBXNativeTarget "Buy_Sell_Ticket" */;
			buildPhases = (
				59A895742015A9B200416B96 /* Sources */,
				59A895752015A9B200416B96 /* Frameworks */,
				59A895762015A9B200416B96 /* Resources */,
			);
			buildRules = (
			);
			dependencies = (
			);
			name = Buy_Sell_Ticket;
			productName = Buy_Sell_Ticket;
			productReference = 59A895782015A9B200416B96 /* Buy_Sell_Ticket.app */;
			productType = "com.apple.product-type.application";
		};
		59A8958E2015A9B200416B96 /* Buy_Sell_TicketTests */ = {
			isa = PBXNativeTarget;
			buildConfigurationList = 59A8959B2015A9B200416B96 /* Build configuration list for PBXNativeTarget "Buy_Sell_TicketTests" */;
			buildPhases = (
				59A8958B2015A9B200416B96 /* Sources */,
				59A8958C2015A9B200416B96 /* Frameworks */,
				59A8958D2015A9B200416B96 /* Resources */,
			);
			buildRules = (
			);
			dependencies = (
				59A895912015A9B200416B96 /* PBXTargetDependency */,
			);
			name = Buy_Sell_TicketTests;
			productName = Buy_Sell_TicketTests;
			productReference = 59A8958F2015A9B200416B96 /* Buy_Sell_TicketTests.xctest */;
			productType = "com.apple.product-type.bundle.unit-test";
		};
/* End PBXNativeTarget section */

/* Begin PBXProject section */
		59A895702015A9B100416B96 /* Project object */ = {
			isa = PBXProject;
			attributes = {
				LastSwiftUpdateCheck = 0920;
				LastUpgradeCheck = 0920;
				ORGANIZATIONNAME = "Rabeeh KP";
				TargetAttributes = {
					59A895772015A9B200416B96 = {
						CreatedOnToolsVersion = 9.2;
						ProvisioningStyle = Automatic;
					};
					59A8958E2015A9B200416B96 = {
						CreatedOnToolsVersion = 9.2;
						ProvisioningStyle = Automatic;
						TestTargetID = 59A895772015A9B200416B96;
					};
				};
			};
			buildConfigurationList = 59A895732015A9B200416B96 /* Build configuration list for PBXProject "Buy_Sell_Ticket" */;
			compatibilityVersion = "Xcode 8.0";
			developmentRegion = en;
			hasScannedForEncodings = 0;
			knownRegions = (
				en,
				Base,
			);
			mainGroup = 59A8956F2015A9B100416B96;
			productRefGroup = 59A895792015A9B200416B96 /* Products */;
			projectDirPath = "";
			projectRoot = "";
			targets = (
				59A895772015A9B200416B96 /* Buy_Sell_Ticket */,
				59A8958E2015A9B200416B96 /* Buy_Sell_TicketTests */,
			);
		};
/* End PBXProject section */

/* Begin PBXResourcesBuildPhase section */
		59A895762015A9B200416B96 /* Resources */ = {
			isa = PBXResourcesBuildPhase;
			buildActionMask = 2147483647;
			files = (
				59D49BAF201F2E8D00989623 /* SearchTbl_Xib_Cell.xib in Resources */,
				59D49BAB201F1F5500989623 /* Movie_Img_Collctn_Cell.xib in Resources */,
				59A895892015A9B200416B96 /* LaunchScreen.storyboard in Resources */,
				59D49BA1201F174300989623 /* Buttons_Xib_Cells.xib in Resources */,
				59DD12582019D8B50060746D /* Button_Collection_Cell.xib in Resources */,
				5936A9282019CCE70022CCFE /* ButtonsXIB_Cell.xib in Resources */,
				59D49BB3201F312E00989623 /* PostTicket_TblCell.xib in Resources */,
				59D49BA5201F1CFF00989623 /* MovieImg_cell.xib in Resources */,
				59A895862015A9B200416B96 /* Assets.xcassets in Resources */,
				59D49B9D201F171B00989623 /* Text_Field_Cells.xib in Resources */,
				59A895812015A9B200416B96 /* Main.storyboard in Resources */,
				59D49B99201F16F500989623 /* Buttons_Collctn_Xib_Cells.xib in Resources */,
			);
			runOnlyForDeploymentPostprocessing = 0;
		};
		59A8958D2015A9B200416B96 /* Resources */ = {
			isa = PBXResourcesBuildPhase;
			buildActionMask = 2147483647;
			files = (
				5936A9292019CCE70022CCFE /* ButtonsXIB_Cell.xib in Resources */,
			);
			runOnlyForDeploymentPostprocessing = 0;
		};
/* End PBXResourcesBuildPhase section */

/* Begin PBXSourcesBuildPhase section */
		59A895742015A9B200416B96 /* Sources */ = {
			isa = PBXSourcesBuildPhase;
			buildActionMask = 2147483647;
			files = (
				59D49B9C201F171B00989623 /* Text_Field_Cells.swift in Sources */,
				59B5A9492021CC3400ADDDFB /* SelectTheater_TblVC.swift in Sources */,
				5936A922201879EC0022CCFE /* Buy_sell_TabBar.swift in Sources */,
				5936A9262019CCE70022CCFE /* ButtonsXIB_Cell.swift in Sources */,
				599EEE8420171FD1007EB844 /* Post_TblCell.swift in Sources */,
				59DD125A2019E4170060746D /* New_Post_VC.swift in Sources */,
				59D49BA0201F174300989623 /* Buttons_Xib_Cells.swift in Sources */,
				59D49BB2201F312E00989623 /* PostTicket_TblCell.swift in Sources */,
				59B5A94B2021CC6E00ADDDFB /* MyNewMovie_Post_VC.swift in Sources */,
				59A8957C2015A9B200416B96 /* AppDelegate.swift in Sources */,
				599EEE8220171FB6007EB844 /* Cost_of_Ticket_TblCell.swift in Sources */,
				59D49BAE201F2E8D00989623 /* SearchTbl_Xib_Cell.swift in Sources */,
				59A895A72015CCB400416B96 /* My_Post_Variables.swift in Sources */,
				59B5A94D2021CC9900ADDDFB /* SelectTheater_TblCell.swift in Sources */,
				59DD12572019D8B50060746D /* Button_Collection_Cell.swift in Sources */,
				599EEE7020171DA4007EB844 /* Select_Theater_Cell.swift in Sources */,
				599EEE642017153E007EB844 /* Select_Movie_Cell.swift in Sources */,
				599EEE86201721AD007EB844 /* Ticket_Class_TblCell.swift in Sources */,
				59A895A42015CBA300416B96 /* My_Post_collectionCell.swift in Sources */,
				59DD125C2019F00C0060746D /* demoTblCtrl.swift in Sources */,
				599EEE6A201715B5007EB844 /* Ticket_Class_Cell.swift in Sources */,
				59D49B8F201F163500989623 /* MyNew_Post_TblVC.swift in Sources */,
				59B5A9472021CC1C00ADDDFB /* MyNewMovie_Post_TblVC.swift in Sources */,
				599EEE7A20171F19007EB844 /* Ticket_Row_TblCell.swift in Sources */,
				599EEE8020171F92007EB844 /* Payment_TblCell.swift in Sources */,
				5936A91F2018623B0022CCFE /* extensions.swift in Sources */,
				599EEE6820171592007EB844 /* No_of_Ticket_Cell.swift in Sources */,
				599EEE6E20171604007EB844 /* Payment_Cell.swift in Sources */,
				59A895842015A9B200416B96 /* Buy_Sell_Ticket.xcdatamodeld in Sources */,
				599EEE6C201715E5007EB844 /* Booked_Method_Cell.swift in Sources */,
				599EEE7820171ED5007EB844 /* No_of_Ticket_TblCell.swift in Sources */,
				599EEE662017155D007EB844 /* Select_Date_Cell.swift in Sources */,
				59D49BA4201F1CFF00989623 /* MovieImg_cell.swift in Sources */,
				599EEE7620171E83007EB844 /* Select_Date_TblCell.swift in Sources */,
				599EEE7420171E5B007EB844 /* Select_Movie_TblCell.swift in Sources */,
				59A8959F2015CAFF00416B96 /* My_PostVC.swift in Sources */,
				599EEE7E20171F6B007EB844 /* Booked_Method_TblCell.swift in Sources */,
				59D49BAA201F1F5500989623 /* Movie_Img_Collctn_Cell.swift in Sources */,
				59D49B98201F16F500989623 /* Buttons_Collctn_Xib_Cells.swift in Sources */,
				59B5A94F2022D9B600ADDDFB /* View_Animation.swift in Sources */,
				599EEE7C20171F46007EB844 /* Show_Time_TblCell.swift in Sources */,
				599EEE6120170F36007EB844 /* Movie_Post_VC.swift in Sources */,
			);
			runOnlyForDeploymentPostprocessing = 0;
		};
		59A8958B2015A9B200416B96 /* Sources */ = {
			isa = PBXSourcesBuildPhase;
			buildActionMask = 2147483647;
			files = (
				59A895942015A9B200416B96 /* Buy_Sell_TicketTests.swift in Sources */,
				5936A9272019CCE70022CCFE /* ButtonsXIB_Cell.swift in Sources */,
				5936A923201879EC0022CCFE /* Buy_sell_TabBar.swift in Sources */,
				5936A9202018623B0022CCFE /* extensions.swift in Sources */,
			);
			runOnlyForDeploymentPostprocessing = 0;
		};
/* End PBXSourcesBuildPhase section */

/* Begin PBXTargetDependency section */
		59A895912015A9B200416B96 /* PBXTargetDependency */ = {
			isa = PBXTargetDependency;
			target = 59A895772015A9B200416B96 /* Buy_Sell_Ticket */;
			targetProxy = 59A895902015A9B200416B96 /* PBXContainerItemProxy */;
		};
/* End PBXTargetDependency section */

/* Begin PBXVariantGroup section */
		59A8957F2015A9B200416B96 /* Main.storyboard */ = {
			isa = PBXVariantGroup;
			children = (
				59A895802015A9B200416B96 /* Base */,
			);
			name = Main.storyboard;
			sourceTree = "<group>";
		};
		59A895872015A9B200416B96 /* LaunchScreen.storyboard */ = {
			isa = PBXVariantGroup;
			children = (
				59A895882015A9B200416B96 /* Base */,
			);
			name = LaunchScreen.storyboard;
			sourceTree = "<group>";
		};
/* End PBXVariantGroup section */

/* Begin XCBuildConfiguration section */
		59A895962015A9B200416B96 /* Debug */ = {
			isa = XCBuildConfiguration;
			buildSettings = {
				ALWAYS_SEARCH_USER_PATHS = NO;
				CLANG_ANALYZER_NONNULL = YES;
				CLANG_ANALYZER_NUMBER_OBJECT_CONVERSION = YES_AGGRESSIVE;
				CLANG_CXX_LANGUAGE_STANDARD = "gnu++14";
				CLANG_CXX_LIBRARY = "libc++";
				CLANG_ENABLE_MODULES = YES;
				CLANG_ENABLE_OBJC_ARC = YES;
				CLANG_WARN_BLOCK_CAPTURE_AUTORELEASING = YES;
				CLANG_WARN_BOOL_CONVERSION = YES;
				CLANG_WARN_COMMA = YES;
				CLANG_WARN_CONSTANT_CONVERSION = YES;
				CLANG_WARN_DIRECT_OBJC_ISA_USAGE = YES_ERROR;
				CLANG_WARN_DOCUMENTATION_COMMENTS = YES;
				CLANG_WARN_EMPTY_BODY = YES;
				CLANG_WARN_ENUM_CONVERSION = YES;
				CLANG_WARN_INFINITE_RECURSION = YES;
				CLANG_WARN_INT_CONVERSION = YES;
				CLANG_WARN_NON_LITERAL_NULL_CONVERSION = YES;
				CLANG_WARN_OBJC_LITERAL_CONVERSION = YES;
				CLANG_WARN_OBJC_ROOT_CLASS = YES_ERROR;
				CLANG_WARN_RANGE_LOOP_ANALYSIS = YES;
				CLANG_WARN_STRICT_PROTOTYPES = YES;
				CLANG_WARN_SUSPICIOUS_MOVE = YES;
				CLANG_WARN_UNGUARDED_AVAILABILITY = YES_AGGRESSIVE;
				CLANG_WARN_UNREACHABLE_CODE = YES;
				CLANG_WARN__DUPLICATE_METHOD_MATCH = YES;
				CODE_SIGN_IDENTITY = "iPhone Developer";
				COPY_PHASE_STRIP = NO;
				DEBUG_INFORMATION_FORMAT = dwarf;
				ENABLE_STRICT_OBJC_MSGSEND = YES;
				ENABLE_TESTABILITY = YES;
				GCC_C_LANGUAGE_STANDARD = gnu11;
				GCC_DYNAMIC_NO_PIC = NO;
				GCC_NO_COMMON_BLOCKS = YES;
				GCC_OPTIMIZATION_LEVEL = 0;
				GCC_PREPROCESSOR_DEFINITIONS = (
					"DEBUG=1",
					"$(inherited)",
				);
				GCC_WARN_64_TO_32_BIT_CONVERSION = YES;
				GCC_WARN_ABOUT_RETURN_TYPE = YES_ERROR;
				GCC_WARN_UNDECLARED_SELECTOR = YES;
				GCC_WARN_UNINITIALIZED_AUTOS = YES_AGGRESSIVE;
				GCC_WARN_UNUSED_FUNCTION = YES;
				GCC_WARN_UNUSED_VARIABLE = YES;
				IPHONEOS_DEPLOYMENT_TARGET = 11.2;
				MTL_ENABLE_DEBUG_INFO = YES;
				ONLY_ACTIVE_ARCH = YES;
				SDKROOT = iphoneos;
				SWIFT_ACTIVE_COMPILATION_CONDITIONS = DEBUG;
				SWIFT_OPTIMIZATION_LEVEL = "-Onone";
			};
			name = Debug;
		};
		59A895972015A9B200416B96 /* Release */ = {
			isa = XCBuildConfiguration;
			buildSettings = {
				ALWAYS_SEARCH_USER_PATHS = NO;
				CLANG_ANALYZER_NONNULL = YES;
				CLANG_ANALYZER_NUMBER_OBJECT_CONVERSION = YES_AGGRESSIVE;
				CLANG_CXX_LANGUAGE_STANDARD = "gnu++14";
				CLANG_CXX_LIBRARY = "libc++";
				CLANG_ENABLE_MODULES = YES;
				CLANG_ENABLE_OBJC_ARC = YES;
				CLANG_WARN_BLOCK_CAPTURE_AUTORELEASING = YES;
				CLANG_WARN_BOOL_CONVERSION = YES;
				CLANG_WARN_COMMA = YES;
				CLANG_WARN_CONSTANT_CONVERSION = YES;
				CLANG_WARN_DIRECT_OBJC_ISA_USAGE = YES_ERROR;
				CLANG_WARN_DOCUMENTATION_COMMENTS = YES;
				CLANG_WARN_EMPTY_BODY = YES;
				CLANG_WARN_ENUM_CONVERSION = YES;
				CLANG_WARN_INFINITE_RECURSION = YES;
				CLANG_WARN_INT_CONVERSION = YES;
				CLANG_WARN_NON_LITERAL_NULL_CONVERSION = YES;
				CLANG_WARN_OBJC_LITERAL_CONVERSION = YES;
				CLANG_WARN_OBJC_ROOT_CLASS = YES_ERROR;
				CLANG_WARN_RANGE_LOOP_ANALYSIS = YES;
				CLANG_WARN_STRICT_PROTOTYPES = YES;
				CLANG_WARN_SUSPICIOUS_MOVE = YES;
				CLANG_WARN_UNGUARDED_AVAILABILITY = YES_AGGRESSIVE;
				CLANG_WARN_UNREACHABLE_CODE = YES;
				CLANG_WARN__DUPLICATE_METHOD_MATCH = YES;
				CODE_SIGN_IDENTITY = "iPhone Developer";
				COPY_PHASE_STRIP = NO;
				DEBUG_INFORMATION_FORMAT = "dwarf-with-dsym";
				ENABLE_NS_ASSERTIONS = NO;
				ENABLE_STRICT_OBJC_MSGSEND = YES;
				GCC_C_LANGUAGE_STANDARD = gnu11;
				GCC_NO_COMMON_BLOCKS = YES;
				GCC_WARN_64_TO_32_BIT_CONVERSION = YES;
				GCC_WARN_ABOUT_RETURN_TYPE = YES_ERROR;
				GCC_WARN_UNDECLARED_SELECTOR = YES;
				GCC_WARN_UNINITIALIZED_AUTOS = YES_AGGRESSIVE;
				GCC_WARN_UNUSED_FUNCTION = YES;
				GCC_WARN_UNUSED_VARIABLE = YES;
				IPHONEOS_DEPLOYMENT_TARGET = 11.2;
				MTL_ENABLE_DEBUG_INFO = NO;
				SDKROOT = iphoneos;
				SWIFT_OPTIMIZATION_LEVEL = "-Owholemodule";
				VALIDATE_PRODUCT = YES;
			};
			name = Release;
		};
		59A895992015A9B200416B96 /* Debug */ = {
			isa = XCBuildConfiguration;
			buildSettings = {
				ASSETCATALOG_COMPILER_APPICON_NAME = AppIcon;
				CODE_SIGN_STYLE = Automatic;
				DEVELOPMENT_TEAM = CZ6TZM89R5;
				INFOPLIST_FILE = Buy_Sell_Ticket/Info.plist;
				LD_RUNPATH_SEARCH_PATHS = "$(inherited) @executable_path/Frameworks";
				PRODUCT_BUNDLE_IDENTIFIER = "com.-Buy-Sell-Ticket.Buy-Sell-Ticket";
				PRODUCT_NAME = "$(TARGET_NAME)";
				SWIFT_VERSION = 4.0;
				TARGETED_DEVICE_FAMILY = "1,2";
			};
			name = Debug;
		};
		59A8959A2015A9B200416B96 /* Release */ = {
			isa = XCBuildConfiguration;
			buildSettings = {
				ASSETCATALOG_COMPILER_APPICON_NAME = AppIcon;
				CODE_SIGN_STYLE = Automatic;
				DEVELOPMENT_TEAM = CZ6TZM89R5;
				INFOPLIST_FILE = Buy_Sell_Ticket/Info.plist;
				LD_RUNPATH_SEARCH_PATHS = "$(inherited) @executable_path/Frameworks";
				PRODUCT_BUNDLE_IDENTIFIER = "com.-Buy-Sell-Ticket.Buy-Sell-Ticket";
				PRODUCT_NAME = "$(TARGET_NAME)";
				SWIFT_VERSION = 4.0;
				TARGETED_DEVICE_FAMILY = "1,2";
			};
			name = Release;
		};
		59A8959C2015A9B200416B96 /* Debug */ = {
			isa = XCBuildConfiguration;
			buildSettings = {
				ALWAYS_EMBED_SWIFT_STANDARD_LIBRARIES = YES;
				BUNDLE_LOADER = "$(TEST_HOST)";
				CODE_SIGN_STYLE = Automatic;
				DEVELOPMENT_TEAM = CZ6TZM89R5;
				INFOPLIST_FILE = Buy_Sell_TicketTests/Info.plist;
				LD_RUNPATH_SEARCH_PATHS = "$(inherited) @executable_path/Frameworks @loader_path/Frameworks";
				PRODUCT_BUNDLE_IDENTIFIER = "com.-Buy-Sell-Ticket.Buy-Sell-TicketTests";
				PRODUCT_NAME = "$(TARGET_NAME)";
				SWIFT_VERSION = 4.0;
				TARGETED_DEVICE_FAMILY = "1,2";
				TEST_HOST = "$(BUILT_PRODUCTS_DIR)/Buy_Sell_Ticket.app/Buy_Sell_Ticket";
			};
			name = Debug;
		};
		59A8959D2015A9B200416B96 /* Release */ = {
			isa = XCBuildConfiguration;
			buildSettings = {
				ALWAYS_EMBED_SWIFT_STANDARD_LIBRARIES = YES;
				BUNDLE_LOADER = "$(TEST_HOST)";
				CODE_SIGN_STYLE = Automatic;
				DEVELOPMENT_TEAM = CZ6TZM89R5;
				INFOPLIST_FILE = Buy_Sell_TicketTests/Info.plist;
				LD_RUNPATH_SEARCH_PATHS = "$(inherited) @executable_path/Frameworks @loader_path/Frameworks";
				PRODUCT_BUNDLE_IDENTIFIER = "com.-Buy-Sell-Ticket.Buy-Sell-TicketTests";
				PRODUCT_NAME = "$(TARGET_NAME)";
				SWIFT_VERSION = 4.0;
				TARGETED_DEVICE_FAMILY = "1,2";
				TEST_HOST = "$(BUILT_PRODUCTS_DIR)/Buy_Sell_Ticket.app/Buy_Sell_Ticket";
			};
			name = Release;
		};
/* End XCBuildConfiguration section */

/* Begin XCConfigurationList section */
		59A895732015A9B200416B96 /* Build configuration list for PBXProject "Buy_Sell_Ticket" */ = {
			isa = XCConfigurationList;
			buildConfigurations = (
				59A895962015A9B200416B96 /* Debug */,
				59A895972015A9B200416B96 /* Release */,
			);
			defaultConfigurationIsVisible = 0;
			defaultConfigurationName = Release;
		};
		59A895982015A9B200416B96 /* Build configuration list for PBXNativeTarget "Buy_Sell_Ticket" */ = {
			isa = XCConfigurationList;
			buildConfigurations = (
				59A895992015A9B200416B96 /* Debug */,
				59A8959A2015A9B200416B96 /* Release */,
			);
			defaultConfigurationIsVisible = 0;
			defaultConfigurationName = Release;
		};
		59A8959B2015A9B200416B96 /* Build configuration list for PBXNativeTarget "Buy_Sell_TicketTests" */ = {
			isa = XCConfigurationList;
			buildConfigurations = (
				59A8959C2015A9B200416B96 /* Debug */,
				59A8959D2015A9B200416B96 /* Release */,
			);
			defaultConfigurationIsVisible = 0;
			defaultConfigurationName = Release;
		};
/* End XCConfigurationList section */

/* Begin XCVersionGroup section */
		59A895822015A9B200416B96 /* Buy_Sell_Ticket.xcdatamodeld */ = {
			isa = XCVersionGroup;
			children = (
				59A895832015A9B200416B96 /* Buy_Sell_Ticket.xcdatamodel */,
			);
			currentVersion = 59A895832015A9B200416B96 /* Buy_Sell_Ticket.xcdatamodel */;
			path = Buy_Sell_Ticket.xcdatamodeld;
			sourceTree = "<group>";
			versionGroupType = wrapper.xcdatamodel;
		};
/* End XCVersionGroup section */
	};
	rootObject = 59A895702015A9B100416B96 /* Project object */;
}
